
Microsoft Visual Studio Solution File, Format Version 12.00
Project("{FAE04EC0-301F-11D3-BF4B-00C04F79EFBC}") = "Web", "Web\Web.csproj", "{248D1F95-262D-4FC6-8AD8-B5356C312D0E}"
EndProject
Project("{2150E333-8FDC-42A3-9474-1A3956D46DE8}") = "Solution Items", "Solution Items", "{6F1A214E-14C7-4D69-A2C1-48AC9F9BBD16}"
	ProjectSection(SolutionItems) = preProject
		compose.yaml = compose.yaml
	EndProjectSection
EndProject
Project("{FAE04EC0-301F-11D3-BF4B-00C04F79EFBC}") = "BLL", "BLL\BLL.csproj", "{39AA4A49-6D1D-46BF-BEA2-F83D9AFFF47A}"
EndProject
Project("{FAE04EC0-301F-11D3-BF4B-00C04F79EFBC}") = "DAL", "DAL\DAL.csproj", "{4B657F6E-35E4-44C8-BD70-ED03770466CD}"
EndProject
Global
	GlobalSection(SolutionConfigurationPlatforms) = preSolution
		Debug|Any CPU = Debug|Any CPU
		Release|Any CPU = Release|Any CPU
	EndGlobalSection
	GlobalSection(ProjectConfigurationPlatforms) = postSolution
		{248D1F95-262D-4FC6-8AD8-B5356C312D0E}.Debug|Any CPU.ActiveCfg = Debug|Any CPU
		{248D1F95-262D-4FC6-8AD8-B5356C312D0E}.Debug|Any CPU.Build.0 = Debug|Any CPU
		{248D1F95-262D-4FC6-8AD8-B5356C312D0E}.Release|Any CPU.ActiveCfg = Release|Any CPU
		{248D1F95-262D-4FC6-8AD8-B5356C312D0E}.Release|Any CPU.Build.0 = Release|Any CPU
		{39AA4A49-6D1D-46BF-BEA2-F83D9AFFF47A}.Debug|Any CPU.ActiveCfg = Debug|Any CPU
		{39AA4A49-6D1D-46BF-BEA2-F83D9AFFF47A}.Debug|Any CPU.Build.0 = Debug|Any CPU
		{39AA4A49-6D1D-46BF-BEA2-F83D9AFFF47A}.Release|Any CPU.ActiveCfg = Release|Any CPU
		{39AA4A49-6D1D-46BF-BEA2-F83D9AFFF47A}.Release|Any CPU.Build.0 = Release|Any CPU
		{4B657F6E-35E4-44C8-BD70-ED03770466CD}.Debug|Any CPU.ActiveCfg = Debug|Any CPU
		{4B657F6E-35E4-44C8-BD70-ED03770466CD}.Debug|Any CPU.Build.0 = Debug|Any CPU
		{4B657F6E-35E4-44C8-BD70-ED03770466CD}.Release|Any CPU.ActiveCfg = Release|Any CPU
		{4B657F6E-35E4-44C8-BD70-ED03770466CD}.Release|Any CPU.Build.0 = Release|Any CPU
	EndGlobalSection
EndGlobal
